{
  "object": {
    "pins": [
      {
        "package": "Promise",
        "repositoryURL": "https://github.com/timvermeulen/Promise.git",
        "state": {
          "branch": null,
          "revision": "c5c70009c632698c4e76c0e05880bd7b3c012d45",
          "version": "1.8.0"
        }
      }
    ]
  },
  "version": 1
}
