{
  "object": {
    "pins": [
      {
        "package": "Promise",
        "repositoryURL": "https://github.com/timvermeulen/Promise.git",
        "state": {
          "branch": null,
          "revision": "7bae51fa383a6dd7570471819cfa19620aea7232",
          "version": "1.9.0"
        }
      }
    ]
  },
  "version": 1
}
